
Microsoft Visual Studio Solution File, Format Version 12.00
# Visual Studio Version 16
VisualStudioVersion = 16.0.28803.202
MinimumVisualStudioVersion = 10.0.40219.1
Project("{9A19103F-16F7-4668-BE54-9A1E7A4F7556}") = "UpdaterFunctions", "UpdaterFunctions.csproj", "{C28510B9-56AC-4F37-A389-EFBD838B91DC}"
EndProject
Project("{9A19103F-16F7-4668-BE54-9A1E7A4F7556}") = "Models", "..\Models\Models.csproj", "{6DCB96ED-7ABA-4594-A653-BC239AD2C981}"
EndProject
Global
	GlobalSection(SolutionConfigurationPlatforms) = preSolution
		Debug|Any CPU = Debug|Any CPU
		Release|Any CPU = Release|Any CPU
	EndGlobalSection
	GlobalSection(ProjectConfigurationPlatforms) = postSolution
		{C28510B9-56AC-4F37-A389-EFBD838B91DC}.Debug|Any CPU.ActiveCfg = Debug|Any CPU
		{C28510B9-56AC-4F37-A389-EFBD838B91DC}.Debug|Any CPU.Build.0 = Debug|Any CPU
		{C28510B9-56AC-4F37-A389-EFBD838B91DC}.Release|Any CPU.ActiveCfg = Release|Any CPU
		{C28510B9-56AC-4F37-A389-EFBD838B91DC}.Release|Any CPU.Build.0 = Release|Any CPU
		{6DCB96ED-7ABA-4594-A653-BC239AD2C981}.Debug|Any CPU.ActiveCfg = Debug|Any CPU
		{6DCB96ED-7ABA-4594-A653-BC239AD2C981}.Debug|Any CPU.Build.0 = Debug|Any CPU
		{6DCB96ED-7ABA-4594-A653-BC239AD2C981}.Release|Any CPU.ActiveCfg = Release|Any CPU
		{6DCB96ED-7ABA-4594-A653-BC239AD2C981}.Release|Any CPU.Build.0 = Release|Any CPU
	EndGlobalSection
	GlobalSection(SolutionProperties) = preSolution
		HideSolutionNode = FALSE
	EndGlobalSection
	GlobalSection(ExtensibilityGlobals) = postSolution
		SolutionGuid = {A5758CDF-3839-44C8-B7C5-04D876C2E35E}
	EndGlobalSection
EndGlobal
